// !$*UTF8*$!
{
	archiveVersion = 1;
	classes = {
	};
	objectVersion = 50;
	objects = {

/* Begin PBXBuildFile section */
		F747F09C243EB815005A6581 /* AppDelegate.m in Sources */ = {isa = PBXBuildFile; fileRef = F747F09B243EB815005A6581 /* AppDelegate.m */; };
		F747F09F243EB815005A6581 /* SceneDelegate.m in Sources */ = {isa = PBXBuildFile; fileRef = F747F09E243EB815005A6581 /* SceneDelegate.m */; };
		F747F0A2243EB815005A6581 /* ViewController.m in Sources */ = {isa = PBXBuildFile; fileRef = F747F0A1243EB815005A6581 /* ViewController.m */; };
		F747F0A5243EB815005A6581 /* Main.storyboard in Resources */ = {isa = PBXBuildFile; fileRef = F747F0A3243EB815005A6581 /* Main.storyboard */; };
		F747F0A7243EB816005A6581 /* Assets.xcassets in Resources */ = {isa = PBXBuildFile; fileRef = F747F0A6243EB816005A6581 /* Assets.xcassets */; };
		F747F0AA243EB816005A6581 /* LaunchScreen.storyboard in Resources */ = {isa = PBXBuildFile; fileRef = F747F0A8243EB816005A6581 /* LaunchScreen.storyboard */; };
		F747F0AD243EB816005A6581 /* main.m in Sources */ = {isa = PBXBuildFile; fileRef = F747F0AC243EB816005A6581 /* main.m */; };
/* End PBXBuildFile section */

/* Begin PBXFileReference section */
		F747F097243EB815005A6581 /* WXChinaWeatherSDKDemo.app */ = {isa = PBXFileReference; explicitFileType = wrapper.application; includeInIndex = 0; path = WXChinaWeatherSDKDemo.app; sourceTree = BUILT_PRODUCTS_DIR; };
		F747F09A243EB815005A6581 /* AppDelegate.h */ = {isa = PBXFileReference; lastKnownFileType = sourcecode.c.h; path = AppDelegate.h; sourceTree = "<group>"; };
		F747F09B243EB815005A6581 /* AppDelegate.m */ = {isa = PBXFileReference; lastKnownFileType = sourcecode.c.objc; path = AppDelegate.m; sourceTree = "<group>"; };
		F747F09D243EB815005A6581 /* SceneDelegate.h */ = {isa = PBXFileReference; lastKnownFileType = sourcecode.c.h; path = SceneDelegate.h; sourceTree = "<group>"; };
		F747F09E243EB815005A6581 /* SceneDelegate.m */ = {isa = PBXFileReference; lastKnownFileType = sourcecode.c.objc; path = SceneDelegate.m; sourceTree = "<group>"; };
		F747F0A0243EB815005A6581 /* ViewController.h */ = {isa = PBXFileReference; lastKnownFileType = sourcecode.c.h; path = ViewController.h; sourceTree = "<group>"; };
		F747F0A1243EB815005A6581 /* ViewController.m */ = {isa = PBXFileReference; lastKnownFileType = sourcecode.c.objc; path = ViewController.m; sourceTree = "<group>"; };
		F747F0A4243EB815005A6581 /* Base */ = {isa = PBXFileReference; lastKnownFileType = file.storyboard; name = Base; path = Base.lproj/Main.storyboard; sourceTree = "<group>"; };
		F747F0A6243EB816005A6581 /* Assets.xcassets */ = {isa = PBXFileReference; lastKnownFileType = folder.assetcatalog; path = Assets.xcassets; sourceTree = "<group>"; };
		F747F0A9243EB816005A6581 /* Base */ = {isa = PBXFileReference; lastKnownFileType = file.storyboard; name = Base; path = Base.lproj/LaunchScreen.storyboard; sourceTree = "<group>"; };
		F747F0AB243EB816005A6581 /* Info.plist */ = {isa = PBXFileReference; lastKnownFileType = text.plist.xml; path = Info.plist; sourceTree = "<group>"; };
		F747F0AC243EB816005A6581 /* main.m */ = {isa = PBXFileReference; lastKnownFileType = sourcecode.c.objc; path = main.m; sourceTree = "<group>"; };
/* End PBXFileReference section */

/* Begin PBXFrameworksBuildPhase section */
		F747F094243EB815005A6581 /* Frameworks */ = {
			isa = PBXFrameworksBuildPhase;
			buildActionMask = 2147483647;
			files = (
			);
			runOnlyForDeploymentPostprocessing = 0;
		};
/* End PBXFrameworksBuildPhase section */

/* Begin PBXGroup section */
		F747F08E243EB815005A6581 = {
			isa = PBXGroup;
			children = (
				F747F099243EB815005A6581 /* WXChinaWeatherSDKDemo */,
				F747F098243EB815005A6581 /* Products */,
			);
			sourceTree = "<group>";
		};
		F747F098243EB815005A6581 /* Products */ = {
			isa = PBXGroup;
			children = (
				F747F097243EB815005A6581 /* WXChinaWeatherSDKDemo.app */,
			);
			name = Products;
			sourceTree = "<group>";
		};
		F747F099243EB815005A6581 /* WXChinaWeatherSDKDemo */ = {
			isa = PBXGroup;
			children = (
				F747F09A243EB815005A6581 /* AppDelegate.h */,
				F747F09B243EB815005A6581 /* AppDelegate.m */,
				F747F09D243EB815005A6581 /* SceneDelegate.h */,
				F747F09E243EB815005A6581 /* SceneDelegate.m */,
				F747F0A0243EB815005A6581 /* ViewController.h */,
				F747F0A1243EB815005A6581 /* ViewController.m */,
				F747F0A3243EB815005A6581 /* Main.storyboard */,
				F747F0A6243EB816005A6581 /* Assets.xcassets */,
				F747F0A8243EB816005A6581 /* LaunchScreen.storyboard */,
				F747F0AB243EB816005A6581 /* Info.plist */,
				F747F0AC243EB816005A6581 /* main.m */,
			);
			path = WXChinaWeatherSDKDemo;
			sourceTree = "<group>";
		};
/* End PBXGroup section */

/* Begin PBXNativeTarget section */
		F747F096243EB815005A6581 /* WXChinaWeatherSDKDemo */ = {
			isa = PBXNativeTarget;
			buildConfigurationList = F747F0B0243EB816005A6581 /* Build configuration list for PBXNativeTarget "WXChinaWeatherSDKDemo" */;
			buildPhases = (
				F747F093243EB815005A6581 /* Sources */,
				F747F094243EB815005A6581 /* Frameworks */,
				F747F095243EB815005A6581 /* Resources */,
			);
			buildRules = (
			);
			dependencies = (
			);
			name = WXChinaWeatherSDKDemo;
			productName = WXChinaWeatherSDKDemo;
			productReference = F747F097243EB815005A6581 /* WXChinaWeatherSDKDemo.app */;
			productType = "com.apple.product-type.application";
		};
/* End PBXNativeTarget section */

/* Begin PBXProject section */
		F747F08F243EB815005A6581 /* Project object */ = {
			isa = PBXProject;
			attributes = {
				LastUpgradeCheck = 1140;
				ORGANIZATIONNAME = voc;
				TargetAttributes = {
					F747F096243EB815005A6581 = {
						CreatedOnToolsVersion = 11.4;
					};
				};
			};
			buildConfigurationList = F747F092243EB815005A6581 /* Build configuration list for PBXProject "WXChinaWeatherSDKDemo" */;
			compatibilityVersion = "Xcode 9.3";
			developmentRegion = en;
			hasScannedForEncodings = 0;
			knownRegions = (
				en,
				Base,
			);
			mainGroup = F747F08E243EB815005A6581;
			productRefGroup = F747F098243EB815005A6581 /* Products */;
			projectDirPath = "";
			projectRoot = "";
			targets = (
				F747F096243EB815005A6581 /* WXChinaWeatherSDKDemo */,
			);
		};
/* End PBXProject section */

/* Begin PBXResourcesBuildPhase section */
		F747F095243EB815005A6581 /* Resources */ = {
			isa = PBXResourcesBuildPhase;
			buildActionMask = 2147483647;
			files = (
				F747F0AA243EB816005A6581 /* LaunchScreen.storyboard in Resources */,
				F747F0A7243EB816005A6581 /* Assets.xcassets in Resources */,
				F747F0A5243EB815005A6581 /* Main.storyboard in Resources */,
			);
			runOnlyForDeploymentPostprocessing = 0;
		};
/* End PBXResourcesBuildPhase section */

/* Begin PBXSourcesBuildPhase section */
		F747F093243EB815005A6581 /* Sources */ = {
			isa = PBXSourcesBuildPhase;
			buildActionMask = 2147483647;
			files = (
				F747F0A2243EB815005A6581 /* ViewController.m in Sources */,
				F747F09C243EB815005A6581 /* AppDelegate.m in Sources */,
				F747F0AD243EB816005A6581 /* main.m in Sources */,
				F747F09F243EB815005A6581 /* SceneDelegate.m in Sources */,
			);
			runOnlyForDeploymentPostprocessing = 0;
		};
/* End PBXSourcesBuildPhase section */

/* Begin PBXVariantGroup section */
		F747F0A3243EB815005A6581 /* Main.storyboard */ = {
			isa = PBXVariantGroup;
			children = (
				F747F0A4243EB815005A6581 /* Base */,
			);
			name = Main.storyboard;
			sourceTree = "<group>";
		};
		F747F0A8243EB816005A6581 /* LaunchScreen.storyboard */ = {
			isa = PBXVariantGroup;
			children = (
				F747F0A9243EB816005A6581 /* Base */,
			);
			name = LaunchScreen.storyboard;
			sourceTree = "<group>";
		};
/* End PBXVariantGroup section */

/* Begin XCBuildConfiguration section */
		F747F0AE243EB816005A6581 /* Debug */ = {
			isa = XCBuildConfiguration;
			buildSettings = {
				ALWAYS_SEARCH_USER_PATHS = NO;
				CLANG_ANALYZER_NONNULL = YES;
				CLANG_ANALYZER_NUMBER_OBJECT_CONVERSION = YES_AGGRESSIVE;
				CLANG_CXX_LANGUAGE_STANDARD = "gnu++14";
				CLANG_CXX_LIBRARY = "libc++";
				CLANG_ENABLE_MODULES = YES;
				CLANG_ENABLE_OBJC_ARC = YES;
				CLANG_ENABLE_OBJC_WEAK = YES;
				CLANG_WARN_BLOCK_CAPTURE_AUTORELEASING = YES;
				CLANG_WARN_BOOL_CONVERSION = YES;
				CLANG_WARN_COMMA = YES;
				CLANG_WARN_CONSTANT_CONVERSION = YES;
				CLANG_WARN_DEPRECATED_OBJC_IMPLEMENTATIONS = YES;
				CLANG_WARN_DIRECT_OBJC_ISA_USAGE = YES_ERROR;
				CLANG_WARN_DOCUMENTATION_COMMENTS = YES;
				CLANG_WARN_EMPTY_BODY = YES;
				CLANG_WARN_ENUM_CONVERSION = YES;
				CLANG_WARN_INFINITE_RECURSION = YES;
				CLANG_WARN_INT_CONVERSION = YES;
				CLANG_WARN_NON_LITERAL_NULL_CONVERSION = YES;
				CLANG_WARN_OBJC_IMPLICIT_RETAIN_SELF = YES;
				CLANG_WARN_OBJC_LITERAL_CONVERSION = YES;
				CLANG_WARN_OBJC_ROOT_CLASS = YES_ERROR;
				CLANG_WARN_RANGE_LOOP_ANALYSIS = YES;
				CLANG_WARN_STRICT_PROTOTYPES = YES;
				CLANG_WARN_SUSPICIOUS_MOVE = YES;
				CLANG_WARN_UNGUARDED_AVAILABILITY = YES_AGGRESSIVE;
				CLANG_WARN_UNREACHABLE_CODE = YES;
				CLANG_WARN__DUPLICATE_METHOD_MATCH = YES;
				COPY_PHASE_STRIP = NO;
				DEBUG_INFORMATION_FORMAT = dwarf;
				ENABLE_STRICT_OBJC_MSGSEND = YES;
				ENABLE_TESTABILITY = YES;
				GCC_C_LANGUAGE_STANDARD = gnu11;
				GCC_DYNAMIC_NO_PIC = NO;
				GCC_NO_COMMON_BLOCKS = YES;
				GCC_OPTIMIZATION_LEVEL = 0;
				GCC_PREPROCESSOR_DEFINITIONS = (
					"DEBUG=1",
					"$(inherited)",
				);
				GCC_WARN_64_TO_32_BIT_CONVERSION = YES;
				GCC_WARN_ABOUT_RETURN_TYPE = YES_ERROR;
				GCC_WARN_UNDECLARED_SELECTOR = YES;
				GCC_WARN_UNINITIALIZED_AUTOS = YES_AGGRESSIVE;
				GCC_WARN_UNUSED_FUNCTION = YES;
				GCC_WARN_UNUSED_VARIABLE = YES;
				IPHONEOS_DEPLOYMENT_TARGET = 13.4;
				MTL_ENABLE_DEBUG_INFO = INCLUDE_SOURCE;
				MTL_FAST_MATH = YES;
				ONLY_ACTIVE_ARCH = YES;
				SDKROOT = iphoneos;
			};
			name = Debug;
		};
		F747F0AF243EB816005A6581 /* Release */ = {
			isa = XCBuildConfiguration;
			buildSettings = {
				ALWAYS_SEARCH_USER_PATHS = NO;
				CLANG_ANALYZER_NONNULL = YES;
				CLANG_ANALYZER_NUMBER_OBJECT_CONVERSION = YES_AGGRESSIVE;
				CLANG_CXX_LANGUAGE_STANDARD = "gnu++14";
				CLANG_CXX_LIBRARY = "libc++";
				CLANG_ENABLE_MODULES = YES;
				CLANG_ENABLE_OBJC_ARC = YES;
				CLANG_ENABLE_OBJC_WEAK = YES;
				CLANG_WARN_BLOCK_CAPTURE_AUTORELEASING = YES;
				CLANG_WARN_BOOL_CONVERSION = YES;
				CLANG_WARN_COMMA = YES;
				CLANG_WARN_CONSTANT_CONVERSION = YES;
				CLANG_WARN_DEPRECATED_OBJC_IMPLEMENTATIONS = YES;
				CLANG_WARN_DIRECT_OBJC_ISA_USAGE = YES_ERROR;
				CLANG_WARN_DOCUMENTATION_COMMENTS = YES;
				CLANG_WARN_EMPTY_BODY = YES;
				CLANG_WARN_ENUM_CONVERSION = YES;
				CLANG_WARN_INFINITE_RECURSION = YES;
				CLANG_WARN_INT_CONVERSION = YES;
				CLANG_WARN_NON_LITERAL_NULL_CONVERSION = YES;
				CLANG_WARN_OBJC_IMPLICIT_RETAIN_SELF = YES;
				CLANG_WARN_OBJC_LITERAL_CONVERSION = YES;
				CLANG_WARN_OBJC_ROOT_CLASS = YES_ERROR;
				CLANG_WARN_RANGE_LOOP_ANALYSIS = YES;
				CLANG_WARN_STRICT_PROTOTYPES = YES;
				CLANG_WARN_SUSPICIOUS_MOVE = YES;
				CLANG_WARN_UNGUARDED_AVAILABILITY = YES_AGGRESSIVE;
				CLANG_WARN_UNREACHABLE_CODE = YES;
				CLANG_WARN__DUPLICATE_METHOD_MATCH = YES;
				COPY_PHASE_STRIP = NO;
				DEBUG_INFORMATION_FORMAT = "dwarf-with-dsym";
				ENABLE_NS_ASSERTIONS = NO;
				ENABLE_STRICT_OBJC_MSGSEND = YES;
				GCC_C_LANGUAGE_STANDARD = gnu11;
				GCC_NO_COMMON_BLOCKS = YES;
				GCC_WARN_64_TO_32_BIT_CONVERSION = YES;
				GCC_WARN_ABOUT_RETURN_TYPE = YES_ERROR;
				GCC_WARN_UNDECLARED_SELECTOR = YES;
				GCC_WARN_UNINITIALIZED_AUTOS = YES_AGGRESSIVE;
				GCC_WARN_UNUSED_FUNCTION = YES;
				GCC_WARN_UNUSED_VARIABLE = YES;
				IPHONEOS_DEPLOYMENT_TARGET = 13.4;
				MTL_ENABLE_DEBUG_INFO = NO;
				MTL_FAST_MATH = YES;
				SDKROOT = iphoneos;
				VALIDATE_PRODUCT = YES;
			};
			name = Release;
		};
		F747F0B1243EB816005A6581 /* Debug */ = {
			isa = XCBuildConfiguration;
			buildSettings = {
				ASSETCATALOG_COMPILER_APPICON_NAME = AppIcon;
				CODE_SIGN_STYLE = Automatic;
				INFOPLIST_FILE = WXChinaWeatherSDKDemo/Info.plist;
				LD_RUNPATH_SEARCH_PATHS = (
					"$(inherited)",
					"@executable_path/Frameworks",
				);
				PRODUCT_BUNDLE_IDENTIFIER = cn.com.voc.WXChinaWeatherSDKDemo;
				PRODUCT_NAME = "$(TARGET_NAME)";
				TARGETED_DEVICE_FAMILY = "1,2";
			};
			name = Debug;
		};
		F747F0B2243EB816005A6581 /* Release */ = {
			isa = XCBuildConfiguration;
			buildSettings = {
				ASSETCATALOG_COMPILER_APPICON_NAME = AppIcon;
				CODE_SIGN_STYLE = Automatic;
				INFOPLIST_FILE = WXChinaWeatherSDKDemo/Info.plist;
				LD_RUNPATH_SEARCH_PATHS = (
					"$(inherited)",
					"@executable_path/Frameworks",
				);
				PRODUCT_BUNDLE_IDENTIFIER = cn.com.voc.WXChinaWeatherSDKDemo;
				PRODUCT_NAME = "$(TARGET_NAME)";
				TARGETED_DEVICE_FAMILY = "1,2";
			};
			name = Release;
		};
/* End XCBuildConfiguration section */

/* Begin XCConfigurationList section */
		F747F092243EB815005A6581 /* Build configuration list for PBXProject "WXChinaWeatherSDKDemo" */ = {
			isa = XCConfigurationList;
			buildConfigurations = (
				F747F0AE243EB816005A6581 /* Debug */,
				F747F0AF243EB816005A6581 /* Release */,
			);
			defaultConfigurationIsVisible = 0;
			defaultConfigurationName = Release;
		};
		F747F0B0243EB816005A6581 /* Build configuration list for PBXNativeTarget "WXChinaWeatherSDKDemo" */ = {
			isa = XCConfigurationList;
			buildConfigurations = (
				F747F0B1243EB816005A6581 /* Debug */,
				F747F0B2243EB816005A6581 /* Release */,
			);
			defaultConfigurationIsVisible = 0;
			defaultConfigurationName = Release;
		};
/* End XCConfigurationList section */
	};
	rootObject = F747F08F243EB815005A6581 /* Project object */;
}
